
Microsoft Visual Studio Solution File, Format Version 12.00
# Visual Studio 14
VisualStudioVersion = 14.0.24720.0
MinimumVisualStudioVersion = 10.0.40219.1
Project("{FAE04EC0-301F-11D3-BF4B-00C04F79EFBC}") = "HallsByra.Rx", "HallsByra.Rx\HallsByra.Rx.csproj", "{90777561-15FC-4A1D-89C6-7900B95B93EF}"
EndProject
Project("{FAE04EC0-301F-11D3-BF4B-00C04F79EFBC}") = "HallsByra.Rx.Tests", "HallsByra.Rx.Tests\HallsByra.Rx.Tests.csproj", "{8151B69A-4501-4AC5-9FCA-7DADBC9E40E4}"
EndProject
Global
	GlobalSection(SolutionConfigurationPlatforms) = preSolution
		Debug|Any CPU = Debug|Any CPU
		Release|Any CPU = Release|Any CPU
	EndGlobalSection
	GlobalSection(ProjectConfigurationPlatforms) = postSolution
		{90777561-15FC-4A1D-89C6-7900B95B93EF}.Debug|Any CPU.ActiveCfg = Debug|Any CPU
		{90777561-15FC-4A1D-89C6-7900B95B93EF}.Debug|Any CPU.Build.0 = Debug|Any CPU
		{90777561-15FC-4A1D-89C6-7900B95B93EF}.Release|Any CPU.ActiveCfg = Release|Any CPU
		{90777561-15FC-4A1D-89C6-7900B95B93EF}.Release|Any CPU.Build.0 = Release|Any CPU
		{8151B69A-4501-4AC5-9FCA-7DADBC9E40E4}.Debug|Any CPU.ActiveCfg = Debug|Any CPU
		{8151B69A-4501-4AC5-9FCA-7DADBC9E40E4}.Debug|Any CPU.Build.0 = Debug|Any CPU
		{8151B69A-4501-4AC5-9FCA-7DADBC9E40E4}.Release|Any CPU.ActiveCfg = Release|Any CPU
		{8151B69A-4501-4AC5-9FCA-7DADBC9E40E4}.Release|Any CPU.Build.0 = Release|Any CPU
	EndGlobalSection
	GlobalSection(SolutionProperties) = preSolution
		HideSolutionNode = FALSE
	EndGlobalSection
EndGlobal
